
Microsoft Visual Studio Solution File, Format Version 12.00
# Visual Studio Version 16
VisualStudioVersion = 16.0.32002.261
MinimumVisualStudioVersion = 10.0.40219.1
Project("{FAE04EC0-301F-11D3-BF4B-00C04F79EFBC}") = "Character_Inventory", "Character_Inventory.csproj", "{8B7BE5BA-2037-4676-A95D-C56B712B8E77}"
EndProject
Global
	GlobalSection(SolutionConfigurationPlatforms) = preSolution
		Debug|Any CPU = Debug|Any CPU
		Release|Any CPU = Release|Any CPU
	EndGlobalSection
	GlobalSection(ProjectConfigurationPlatforms) = postSolution
		{8B7BE5BA-2037-4676-A95D-C56B712B8E77}.Debug|Any CPU.ActiveCfg = Debug|Any CPU
		{8B7BE5BA-2037-4676-A95D-C56B712B8E77}.Debug|Any CPU.Build.0 = Debug|Any CPU
		{8B7BE5BA-2037-4676-A95D-C56B712B8E77}.Release|Any CPU.ActiveCfg = Release|Any CPU
		{8B7BE5BA-2037-4676-A95D-C56B712B8E77}.Release|Any CPU.Build.0 = Release|Any CPU
	EndGlobalSection
	GlobalSection(SolutionProperties) = preSolution
		HideSolutionNode = FALSE
	EndGlobalSection
	GlobalSection(ExtensibilityGlobals) = postSolution
		SolutionGuid = {6CCF3FAD-7A57-4977-A9C2-3B52C4C02D71}
	EndGlobalSection
EndGlobal
